
Microsoft Visual Studio Solution File, Format Version 12.00
# Visual Studio Version 16
VisualStudioVersion = 16.0.30523.141
MinimumVisualStudioVersion = 10.0.40219.1
Project("{FAE04EC0-301F-11D3-BF4B-00C04F79EFBC}") = "MVVMDemoApplication", "MVVMDemoApplication\MVVMDemoApplication.csproj", "{DF3649EE-2CCD-4D10-B55E-EF4C62DB32AE}"
EndProject
Global
	GlobalSection(SolutionConfigurationPlatforms) = preSolution
		Debug|Any CPU = Debug|Any CPU
		Release|Any CPU = Release|Any CPU
	EndGlobalSection
	GlobalSection(ProjectConfigurationPlatforms) = postSolution
		{DF3649EE-2CCD-4D10-B55E-EF4C62DB32AE}.Debug|Any CPU.ActiveCfg = Debug|Any CPU
		{DF3649EE-2CCD-4D10-B55E-EF4C62DB32AE}.Debug|Any CPU.Build.0 = Debug|Any CPU
		{DF3649EE-2CCD-4D10-B55E-EF4C62DB32AE}.Release|Any CPU.ActiveCfg = Release|Any CPU
		{DF3649EE-2CCD-4D10-B55E-EF4C62DB32AE}.Release|Any CPU.Build.0 = Release|Any CPU
	EndGlobalSection
	GlobalSection(SolutionProperties) = preSolution
		HideSolutionNode = FALSE
	EndGlobalSection
	GlobalSection(ExtensibilityGlobals) = postSolution
		SolutionGuid = {11F2D073-B265-45A3-BD14-18C9A06DA163}
	EndGlobalSection
EndGlobal
